// !$*UTF8*$!
{
	archiveVersion = 1;
	classes = {
	};
	objectVersion = 50;
	objects = {

/* Begin PBXBuildFile section */
		5701EC6F23623827004A4EAA /* BusinessCoordinatorSpec.swift in Sources */ = {isa = PBXBuildFile; fileRef = 5701EC6E23623827004A4EAA /* BusinessCoordinatorSpec.swift */; };
		570B4F74237A06AE000FCA90 /* SettingsTable.storyboard in Resources */ = {isa = PBXBuildFile; fileRef = 570B4F73237A06AE000FCA90 /* SettingsTable.storyboard */; };
		57133BD12374BD3500DDB2D9 /* PriceButton.swift in Sources */ = {isa = PBXBuildFile; fileRef = 57133BD02374BD3500DDB2D9 /* PriceButton.swift */; };
		57173C242364C1A500BF7E2C /* MockBusinessesModelDelegate.swift in Sources */ = {isa = PBXBuildFile; fileRef = 57173C232364C1A500BF7E2C /* MockBusinessesModelDelegate.swift */; };
		571ABE9023847C3A004F0003 /* CoreDataStack.swift in Sources */ = {isa = PBXBuildFile; fileRef = 571ABE8F23847C3A004F0003 /* CoreDataStack.swift */; };
		571ABE9323847CE9004F0003 /* AppSession.swift in Sources */ = {isa = PBXBuildFile; fileRef = 571ABE9223847CE9004F0003 /* AppSession.swift */; };
		571ABE9623847EF5004F0003 /* Find-My-Food.xcdatamodeld in Sources */ = {isa = PBXBuildFile; fileRef = 571ABE9423847EF5004F0003 /* Find-My-Food.xcdatamodeld */; };
		5734439723858798001022AA /* CDCategory+CoreDataClass.swift in Sources */ = {isa = PBXBuildFile; fileRef = 5734439123858798001022AA /* CDCategory+CoreDataClass.swift */; };
		5734439823858798001022AA /* CDCategory+CoreDataProperties.swift in Sources */ = {isa = PBXBuildFile; fileRef = 5734439223858798001022AA /* CDCategory+CoreDataProperties.swift */; };
		5734439923858798001022AA /* CDLocation+CoreDataClass.swift in Sources */ = {isa = PBXBuildFile; fileRef = 5734439323858798001022AA /* CDLocation+CoreDataClass.swift */; };
		5734439A23858798001022AA /* CDLocation+CoreDataProperties.swift in Sources */ = {isa = PBXBuildFile; fileRef = 5734439423858798001022AA /* CDLocation+CoreDataProperties.swift */; };
		5734439B23858798001022AA /* CDBusiness+CoreDataClass.swift in Sources */ = {isa = PBXBuildFile; fileRef = 5734439523858798001022AA /* CDBusiness+CoreDataClass.swift */; };
		5734439C23858798001022AA /* CDBusiness+CoreDataProperties.swift in Sources */ = {isa = PBXBuildFile; fileRef = 5734439623858798001022AA /* CDBusiness+CoreDataProperties.swift */; };
		575225ED23722D600023085E /* Int+Extension.swift in Sources */ = {isa = PBXBuildFile; fileRef = 575225EC23722D600023085E /* Int+Extension.swift */; };
		575225EF23722DF40023085E /* Int+ExtensionSpec.swift in Sources */ = {isa = PBXBuildFile; fileRef = 575225EE23722DF40023085E /* Int+ExtensionSpec.swift */; };
		575AAF28237A08DB004FAB58 /* SettingsTableViewController.swift in Sources */ = {isa = PBXBuildFile; fileRef = 575AAF27237A08DB004FAB58 /* SettingsTableViewController.swift */; };
		575AAF2A237A0BB6004FAB58 /* SettingsModel.swift in Sources */ = {isa = PBXBuildFile; fileRef = 575AAF29237A0BB6004FAB58 /* SettingsModel.swift */; };
		575AAF2D237A332E004FAB58 /* SettingsModelSpec.swift in Sources */ = {isa = PBXBuildFile; fileRef = 575AAF2C237A332E004FAB58 /* SettingsModelSpec.swift */; };
		575AAF2F237A33D5004FAB58 /* MockSettingsModelDelegate.swift in Sources */ = {isa = PBXBuildFile; fileRef = 575AAF2E237A33D5004FAB58 /* MockSettingsModelDelegate.swift */; };
		575AAF31237A374C004FAB58 /* Radius.swift in Sources */ = {isa = PBXBuildFile; fileRef = 575AAF30237A374C004FAB58 /* Radius.swift */; };
		579C21A32368B8FE0015D0BE /* GeocoderWrapper.swift in Sources */ = {isa = PBXBuildFile; fileRef = 579C21A22368B8FE0015D0BE /* GeocoderWrapper.swift */; };
		579C21A52368B9110015D0BE /* GeocoderProtocol.swift in Sources */ = {isa = PBXBuildFile; fileRef = 579C21A42368B9110015D0BE /* GeocoderProtocol.swift */; };
		579C21A72368B91F0015D0BE /* LocationManagerInterface.swift in Sources */ = {isa = PBXBuildFile; fileRef = 579C21A62368B91F0015D0BE /* LocationManagerInterface.swift */; };
		579C21A92368B92A0015D0BE /* LocationManagerWrapper.swift in Sources */ = {isa = PBXBuildFile; fileRef = 579C21A82368B92A0015D0BE /* LocationManagerWrapper.swift */; };
		579C21AB2368C9310015D0BE /* MockGeocoder.swift in Sources */ = {isa = PBXBuildFile; fileRef = 579C21AA2368C9310015D0BE /* MockGeocoder.swift */; };
		579C21AD2368CAA40015D0BE /* MockLocationManager.swift in Sources */ = {isa = PBXBuildFile; fileRef = 579C21AC2368CAA40015D0BE /* MockLocationManager.swift */; };
		579C21B12368D7400015D0BE /* Assets.xcassets in Resources */ = {isa = PBXBuildFile; fileRef = 579C21B02368D7400015D0BE /* Assets.xcassets */; };
		57B9175C237CBE020052D014 /* FavoritesViewController.swift in Sources */ = {isa = PBXBuildFile; fileRef = 57B9175B237CBE020052D014 /* FavoritesViewController.swift */; };
		57B9175E237CBE2C0052D014 /* FavoritesCoordinator.swift in Sources */ = {isa = PBXBuildFile; fileRef = 57B9175D237CBE2C0052D014 /* FavoritesCoordinator.swift */; };
		57B91760237CBEFC0052D014 /* Favorites.storyboard in Resources */ = {isa = PBXBuildFile; fileRef = 57B9175F237CBEFC0052D014 /* Favorites.storyboard */; };
		57B91765237CC2F20052D014 /* MockFavoritesCoordinator.swift in Sources */ = {isa = PBXBuildFile; fileRef = 57B91764237CC2F20052D014 /* MockFavoritesCoordinator.swift */; };
		57B91767237CC4340052D014 /* FavoritesCoordinatorSpec.swift in Sources */ = {isa = PBXBuildFile; fileRef = 57B91766237CC4340052D014 /* FavoritesCoordinatorSpec.swift */; };
		57C3CB88236A30AF007E1B9A /* URL+Extension.swift in Sources */ = {isa = PBXBuildFile; fileRef = 57C3CB87236A30AF007E1B9A /* URL+Extension.swift */; };
		57C3CB8B236A314B007E1B9A /* String+Extension.swift in Sources */ = {isa = PBXBuildFile; fileRef = 57C3CB89236A3145007E1B9A /* String+Extension.swift */; };
		57C3CB90236A31D2007E1B9A /* String+ExtensionSpec.swift in Sources */ = {isa = PBXBuildFile; fileRef = 57C3CB8E236A31A2007E1B9A /* String+ExtensionSpec.swift */; };
		57C7B10023751451001AF112 /* TabCoordinator.swift in Sources */ = {isa = PBXBuildFile; fileRef = 57C7B0FF23751451001AF112 /* TabCoordinator.swift */; };
		57C7B1052375AAF6001AF112 /* MockTabCoordinator.swift in Sources */ = {isa = PBXBuildFile; fileRef = 57C7B1042375AAF6001AF112 /* MockTabCoordinator.swift */; };
		57C7B1072375ADA3001AF112 /* TabCoordinatorSpec.swift in Sources */ = {isa = PBXBuildFile; fileRef = 57C7B1062375ADA3001AF112 /* TabCoordinatorSpec.swift */; };
		57C7B1092375AF2D001AF112 /* MockBusinessCoordinator.swift in Sources */ = {isa = PBXBuildFile; fileRef = 57C7B1082375AF2D001AF112 /* MockBusinessCoordinator.swift */; };
		57DCCA402357722E00CEA8DE /* Secret.swift in Sources */ = {isa = PBXBuildFile; fileRef = 57DCCA3F2357722E00CEA8DE /* Secret.swift */; };
		57DCCA672358EE6F00CEA8DE /* BusinessDetail.storyboard in Resources */ = {isa = PBXBuildFile; fileRef = 57DCCA662358EE6F00CEA8DE /* BusinessDetail.storyboard */; };
		57DCCA692358F36700CEA8DE /* BusinessDetailViewController.swift in Sources */ = {isa = PBXBuildFile; fileRef = 57DCCA682358F36700CEA8DE /* BusinessDetailViewController.swift */; };
		57E5071D237B32FF0061CBB6 /* SettingsCoordinator.swift in Sources */ = {isa = PBXBuildFile; fileRef = 57E5071C237B32FF0061CBB6 /* SettingsCoordinator.swift */; };
		57E5071F237B351F0061CBB6 /* Coordinator.swift in Sources */ = {isa = PBXBuildFile; fileRef = 57E5071E237B351F0061CBB6 /* Coordinator.swift */; };
		57E50721237B3BC60061CBB6 /* Price.swift in Sources */ = {isa = PBXBuildFile; fileRef = 57E50720237B3BC60061CBB6 /* Price.swift */; };
		57E50724237B3C690061CBB6 /* UserDefaultKey.swift in Sources */ = {isa = PBXBuildFile; fileRef = 57E50723237B3C690061CBB6 /* UserDefaultKey.swift */; };
		57E50727237B3CD60061CBB6 /* UserDefaultsWrapper.swift in Sources */ = {isa = PBXBuildFile; fileRef = 57E50726237B3CD60061CBB6 /* UserDefaultsWrapper.swift */; };
		57E5072D237B40BF0061CBB6 /* UserDefaultKeySpec.swift in Sources */ = {isa = PBXBuildFile; fileRef = 57E5072C237B40BF0061CBB6 /* UserDefaultKeySpec.swift */; };
		57E5072F237B414D0061CBB6 /* MockUserDefaults.swift in Sources */ = {isa = PBXBuildFile; fileRef = 57E5072E237B414D0061CBB6 /* MockUserDefaults.swift */; };
		57E50731237B43DC0061CBB6 /* MockSettingsCoordinator.swift in Sources */ = {isa = PBXBuildFile; fileRef = 57E50730237B43DC0061CBB6 /* MockSettingsCoordinator.swift */; };
		57E50735237B52050061CBB6 /* SettingsCoordinatorSpec.swift in Sources */ = {isa = PBXBuildFile; fileRef = 57E50734237B52050061CBB6 /* SettingsCoordinatorSpec.swift */; };
		57E75D44237B5C93009F3256 /* DecoderWrapper.swift in Sources */ = {isa = PBXBuildFile; fileRef = 57E75D43237B5C93009F3256 /* DecoderWrapper.swift */; };
		57E75D46237B5CDD009F3256 /* MockDecoder.swift in Sources */ = {isa = PBXBuildFile; fileRef = 57E75D45237B5CDD009F3256 /* MockDecoder.swift */; };
		57EEC11F23590B410076B9FD /* BusinessDetailView.swift in Sources */ = {isa = PBXBuildFile; fileRef = 57EEC11E23590B410076B9FD /* BusinessDetailView.swift */; };
		B69E33E72322912F00A4477E /* BusinessesModel.swift in Sources */ = {isa = PBXBuildFile; fileRef = B69E33A12322912F00A4477E /* BusinessesModel.swift */; };
		B69E33E82322912F00A4477E /* BusinessesView.swift in Sources */ = {isa = PBXBuildFile; fileRef = B69E33A22322912F00A4477E /* BusinessesView.swift */; };
		B69E33E92322912F00A4477E /* BusinessTableViewCell.swift in Sources */ = {isa = PBXBuildFile; fileRef = B69E33A32322912F00A4477E /* BusinessTableViewCell.swift */; };
		B69E33EA2322912F00A4477E /* Businesses.storyboard in Resources */ = {isa = PBXBuildFile; fileRef = B69E33A42322912F00A4477E /* Businesses.storyboard */; };
		B69E33EB2322912F00A4477E /* BusinessesViewController.swift in Sources */ = {isa = PBXBuildFile; fileRef = B69E33A52322912F00A4477E /* BusinessesViewController.swift */; };
		B69E33EC2322912F00A4477E /* Map.storyboard in Resources */ = {isa = PBXBuildFile; fileRef = B69E33A72322912F00A4477E /* Map.storyboard */; };
		B69E33ED2322912F00A4477E /* MapViewController.swift in Sources */ = {isa = PBXBuildFile; fileRef = B69E33A82322912F00A4477E /* MapViewController.swift */; };
		B69E33EE2322912F00A4477E /* MapView.swift in Sources */ = {isa = PBXBuildFile; fileRef = B69E33A92322912F00A4477E /* MapView.swift */; };
		B69E33EF2322912F00A4477E /* MapModel.swift in Sources */ = {isa = PBXBuildFile; fileRef = B69E33AA2322912F00A4477E /* MapModel.swift */; };
		B69E33F12322912F00A4477E /* BusinessSearchViewController.swift in Sources */ = {isa = PBXBuildFile; fileRef = B69E33AD2322912F00A4477E /* BusinessSearchViewController.swift */; };
		B69E33F22322912F00A4477E /* BusinessSearchModel.swift in Sources */ = {isa = PBXBuildFile; fileRef = B69E33AE2322912F00A4477E /* BusinessSearchModel.swift */; };
		B69E33F32322912F00A4477E /* BusinessSearchView.swift in Sources */ = {isa = PBXBuildFile; fileRef = B69E33AF2322912F00A4477E /* BusinessSearchView.swift */; };
		B69E33F42322912F00A4477E /* Coordinate.swift in Sources */ = {isa = PBXBuildFile; fileRef = B69E33B12322912F00A4477E /* Coordinate.swift */; };
		B69E33F52322912F00A4477E /* Response.swift in Sources */ = {isa = PBXBuildFile; fileRef = B69E33B22322912F00A4477E /* Response.swift */; };
		B69E33F62322912F00A4477E /* Business.swift in Sources */ = {isa = PBXBuildFile; fileRef = B69E33B32322912F00A4477E /* Business.swift */; };
		B69E33F82322912F00A4477E /* YelpRoutes.swift in Sources */ = {isa = PBXBuildFile; fileRef = B69E33B62322912F00A4477E /* YelpRoutes.swift */; };
		B69E33F92322912F00A4477E /* BusinessSearchClient.swift in Sources */ = {isa = PBXBuildFile; fileRef = B69E33B72322912F00A4477E /* BusinessSearchClient.swift */; };
		B69E33FA2322912F00A4477E /* URLSessionWrapper.swift in Sources */ = {isa = PBXBuildFile; fileRef = B69E33B82322912F00A4477E /* URLSessionWrapper.swift */; };
		B69E33FB2322912F00A4477E /* BaseServiceClient.swift in Sources */ = {isa = PBXBuildFile; fileRef = B69E33B92322912F00A4477E /* BaseServiceClient.swift */; };
		B69E33FC2322912F00A4477E /* Array+Extension.swift in Sources */ = {isa = PBXBuildFile; fileRef = B69E33BB2322912F00A4477E /* Array+Extension.swift */; };
		B69E33FD2322912F00A4477E /* Assets.xcassets in Resources */ = {isa = PBXBuildFile; fileRef = B69E33BD2322912F00A4477E /* Assets.xcassets */; };
		B69E33FE2322912F00A4477E /* LaunchScreen.storyboard in Resources */ = {isa = PBXBuildFile; fileRef = B69E33BE2322912F00A4477E /* LaunchScreen.storyboard */; };
		B69E33FF2322912F00A4477E /* AppDelegate.swift in Sources */ = {isa = PBXBuildFile; fileRef = B69E33C02322912F00A4477E /* AppDelegate.swift */; };
		B69E34222322936F00A4477E /* Cartfile.resolved in Resources */ = {isa = PBXBuildFile; fileRef = B69E34202322936F00A4477E /* Cartfile.resolved */; };
		B69E34232322936F00A4477E /* Cartfile.private in Resources */ = {isa = PBXBuildFile; fileRef = B69E34212322936F00A4477E /* Cartfile.private */; };
		B69E346C2322EF3700A4477E /* Nimble.framework in Frameworks */ = {isa = PBXBuildFile; fileRef = B69E34262322939D00A4477E /* Nimble.framework */; };
		B69E346D2322EF3700A4477E /* Quick.framework in Frameworks */ = {isa = PBXBuildFile; fileRef = B69E34252322939D00A4477E /* Quick.framework */; };
		B69E346E2322F1F700A4477E /* BusinessesModelSpec.swift in Sources */ = {isa = PBXBuildFile; fileRef = B69E33C62322912F00A4477E /* BusinessesModelSpec.swift */; };
		B69E346F2322F1FC00A4477E /* MockMapModelDelegate.swift in Sources */ = {isa = PBXBuildFile; fileRef = B69E33CA2322912F00A4477E /* MockMapModelDelegate.swift */; };
		B69E34702322F1FC00A4477E /* MapModelSpec.swift in Sources */ = {isa = PBXBuildFile; fileRef = B69E33CB2322912F00A4477E /* MapModelSpec.swift */; };
		B69E34712322F1FF00A4477E /* BusinessSearchModelSpec.swift in Sources */ = {isa = PBXBuildFile; fileRef = B69E33CD2322912F00A4477E /* BusinessSearchModelSpec.swift */; };
		B69E34722322F1FF00A4477E /* MockBusinessSearchModelDelegate.swift in Sources */ = {isa = PBXBuildFile; fileRef = B69E33CF2322912F00A4477E /* MockBusinessSearchModelDelegate.swift */; };
		B69E34732322F20500A4477E /* businesses.json in Resources */ = {isa = PBXBuildFile; fileRef = B69E33D22322912F00A4477E /* businesses.json */; };
		B69E34742322F20500A4477E /* IncompleteMockBusiness.json in Resources */ = {isa = PBXBuildFile; fileRef = B69E33D32322912F00A4477E /* IncompleteMockBusiness.json */; };
		B69E34752322F21000A4477E /* IncompleteMockResponse.json in Resources */ = {isa = PBXBuildFile; fileRef = B69E33DB2322912F00A4477E /* IncompleteMockResponse.json */; };
		B69E34762322F21000A4477E /* MockResponse.json in Resources */ = {isa = PBXBuildFile; fileRef = B69E33D52322912F00A4477E /* MockResponse.json */; };
		B69E34772322F21000A4477E /* BusinessSpec.swift in Sources */ = {isa = PBXBuildFile; fileRef = B69E33D62322912F00A4477E /* BusinessSpec.swift */; };
		B69E34782322F21000A4477E /* ResponseSpec.swift in Sources */ = {isa = PBXBuildFile; fileRef = B69E33D82322912F00A4477E /* ResponseSpec.swift */; };
		B69E34792322F21000A4477E /* IncompleteMockCoordinate.json in Resources */ = {isa = PBXBuildFile; fileRef = B69E33D72322912F00A4477E /* IncompleteMockCoordinate.json */; };
		B69E347A2322F21000A4477E /* MockBusinesses.json in Resources */ = {isa = PBXBuildFile; fileRef = B69E33DA2322912F00A4477E /* MockBusinesses.json */; };
		B69E347B2322F21000A4477E /* MockCoordinate.json in Resources */ = {isa = PBXBuildFile; fileRef = B69E33D92322912F00A4477E /* MockCoordinate.json */; };
		B69E347C2322F21000A4477E /* CoordinateSpec.swift in Sources */ = {isa = PBXBuildFile; fileRef = B69E33DC2322912F00A4477E /* CoordinateSpec.swift */; };
		B69E347D2322F21000A4477E /* TestData.swift in Sources */ = {isa = PBXBuildFile; fileRef = B69E33DD2322912F00A4477E /* TestData.swift */; };
		B69E347E2322F21400A4477E /* BaseServiceClientSpec.swift in Sources */ = {isa = PBXBuildFile; fileRef = B69E33D02322912F00A4477E /* BaseServiceClientSpec.swift */; };
		B69E347F2322F21400A4477E /* YelpRoutesSpec.swift in Sources */ = {isa = PBXBuildFile; fileRef = B69E33DF2322912F00A4477E /* YelpRoutesSpec.swift */; };
		B69E34802322F21400A4477E /* MockBusinessSearchClient.swift in Sources */ = {isa = PBXBuildFile; fileRef = B69E33E02322912F00A4477E /* MockBusinessSearchClient.swift */; };
		B69E34812322F21400A4477E /* MockServiceClient.swift in Sources */ = {isa = PBXBuildFile; fileRef = B69E33E12322912F00A4477E /* MockServiceClient.swift */; };
		B69E34822322F21400A4477E /* MockURLSession.swift in Sources */ = {isa = PBXBuildFile; fileRef = B69E33E22322912F00A4477E /* MockURLSession.swift */; };
		B69E34842322F21400A4477E /* BusinessSearchClientSpec.swift in Sources */ = {isa = PBXBuildFile; fileRef = B69E33E42322912F00A4477E /* BusinessSearchClientSpec.swift */; };
		B69E34852322F21700A4477E /* Array+ExtensionSpec.swift in Sources */ = {isa = PBXBuildFile; fileRef = B69E33E62322912F00A4477E /* Array+ExtensionSpec.swift */; };
		B6D5D5FF233B06D5004138F5 /* Storyboarded.swift in Sources */ = {isa = PBXBuildFile; fileRef = B6D5D5FE233B06D5004138F5 /* Storyboarded.swift */; };
		B6D5D601233B077C004138F5 /* BusinessCoordinator.swift in Sources */ = {isa = PBXBuildFile; fileRef = B6D5D600233B077C004138F5 /* BusinessCoordinator.swift */; };
		B6D5D603233B0DFF004138F5 /* BusinessSearch.storyboard in Resources */ = {isa = PBXBuildFile; fileRef = B6D5D602233B0DFF004138F5 /* BusinessSearch.storyboard */; };
/* End PBXBuildFile section */

/* Begin PBXContainerItemProxy section */
		B69E34562322977900A4477E /* PBXContainerItemProxy */ = {
			isa = PBXContainerItemProxy;
			containerPortal = B69E33732322909000A4477E /* Project object */;
			proxyType = 1;
			remoteGlobalIDString = B69E337A2322909000A4477E;
			remoteInfo = "Find-My-Food";
		};
/* End PBXContainerItemProxy section */

/* Begin PBXFileReference section */
		5701EC6E23623827004A4EAA /* BusinessCoordinatorSpec.swift */ = {isa = PBXFileReference; lastKnownFileType = sourcecode.swift; path = BusinessCoordinatorSpec.swift; sourceTree = "<group>"; };
		570B4F73237A06AE000FCA90 /* SettingsTable.storyboard */ = {isa = PBXFileReference; lastKnownFileType = file.storyboard; path = SettingsTable.storyboard; sourceTree = "<group>"; };
		57133BD02374BD3500DDB2D9 /* PriceButton.swift */ = {isa = PBXFileReference; lastKnownFileType = sourcecode.swift; path = PriceButton.swift; sourceTree = "<group>"; };
		57173C232364C1A500BF7E2C /* MockBusinessesModelDelegate.swift */ = {isa = PBXFileReference; lastKnownFileType = sourcecode.swift; path = MockBusinessesModelDelegate.swift; sourceTree = "<group>"; };
		571ABE8F23847C3A004F0003 /* CoreDataStack.swift */ = {isa = PBXFileReference; lastKnownFileType = sourcecode.swift; path = CoreDataStack.swift; sourceTree = "<group>"; };
		571ABE9223847CE9004F0003 /* AppSession.swift */ = {isa = PBXFileReference; lastKnownFileType = sourcecode.swift; path = AppSession.swift; sourceTree = "<group>"; };
		571ABE9523847EF5004F0003 /* Find-My-Food.xcdatamodel */ = {isa = PBXFileReference; lastKnownFileType = wrapper.xcdatamodel; path = "Find-My-Food.xcdatamodel"; sourceTree = "<group>"; };
		5734439123858798001022AA /* CDCategory+CoreDataClass.swift */ = {isa = PBXFileReference; lastKnownFileType = sourcecode.swift; path = "CDCategory+CoreDataClass.swift"; sourceTree = "<group>"; };
		5734439223858798001022AA /* CDCategory+CoreDataProperties.swift */ = {isa = PBXFileReference; lastKnownFileType = sourcecode.swift; path = "CDCategory+CoreDataProperties.swift"; sourceTree = "<group>"; };
		5734439323858798001022AA /* CDLocation+CoreDataClass.swift */ = {isa = PBXFileReference; lastKnownFileType = sourcecode.swift; path = "CDLocation+CoreDataClass.swift"; sourceTree = "<group>"; };
		5734439423858798001022AA /* CDLocation+CoreDataProperties.swift */ = {isa = PBXFileReference; lastKnownFileType = sourcecode.swift; path = "CDLocation+CoreDataProperties.swift"; sourceTree = "<group>"; };
		5734439523858798001022AA /* CDBusiness+CoreDataClass.swift */ = {isa = PBXFileReference; lastKnownFileType = sourcecode.swift; path = "CDBusiness+CoreDataClass.swift"; sourceTree = "<group>"; };
		5734439623858798001022AA /* CDBusiness+CoreDataProperties.swift */ = {isa = PBXFileReference; lastKnownFileType = sourcecode.swift; path = "CDBusiness+CoreDataProperties.swift"; sourceTree = "<group>"; };
		575225EC23722D600023085E /* Int+Extension.swift */ = {isa = PBXFileReference; lastKnownFileType = sourcecode.swift; path = "Int+Extension.swift"; sourceTree = "<group>"; };
		575225EE23722DF40023085E /* Int+ExtensionSpec.swift */ = {isa = PBXFileReference; lastKnownFileType = sourcecode.swift; path = "Int+ExtensionSpec.swift"; sourceTree = "<group>"; };
		575AAF27237A08DB004FAB58 /* SettingsTableViewController.swift */ = {isa = PBXFileReference; lastKnownFileType = sourcecode.swift; path = SettingsTableViewController.swift; sourceTree = "<group>"; };
		575AAF29237A0BB6004FAB58 /* SettingsModel.swift */ = {isa = PBXFileReference; lastKnownFileType = sourcecode.swift; path = SettingsModel.swift; sourceTree = "<group>"; };
		575AAF2C237A332E004FAB58 /* SettingsModelSpec.swift */ = {isa = PBXFileReference; lastKnownFileType = sourcecode.swift; path = SettingsModelSpec.swift; sourceTree = "<group>"; };
		575AAF2E237A33D5004FAB58 /* MockSettingsModelDelegate.swift */ = {isa = PBXFileReference; lastKnownFileType = sourcecode.swift; path = MockSettingsModelDelegate.swift; sourceTree = "<group>"; };
		575AAF30237A374C004FAB58 /* Radius.swift */ = {isa = PBXFileReference; lastKnownFileType = sourcecode.swift; path = Radius.swift; sourceTree = "<group>"; };
		579C21A22368B8FE0015D0BE /* GeocoderWrapper.swift */ = {isa = PBXFileReference; lastKnownFileType = sourcecode.swift; path = GeocoderWrapper.swift; sourceTree = "<group>"; };
		579C21A42368B9110015D0BE /* GeocoderProtocol.swift */ = {isa = PBXFileReference; lastKnownFileType = sourcecode.swift; path = GeocoderProtocol.swift; sourceTree = "<group>"; };
		579C21A62368B91F0015D0BE /* LocationManagerInterface.swift */ = {isa = PBXFileReference; lastKnownFileType = sourcecode.swift; path = LocationManagerInterface.swift; sourceTree = "<group>"; };
		579C21A82368B92A0015D0BE /* LocationManagerWrapper.swift */ = {isa = PBXFileReference; lastKnownFileType = sourcecode.swift; path = LocationManagerWrapper.swift; sourceTree = "<group>"; };
		579C21AA2368C9310015D0BE /* MockGeocoder.swift */ = {isa = PBXFileReference; lastKnownFileType = sourcecode.swift; path = MockGeocoder.swift; sourceTree = "<group>"; };
		579C21AC2368CAA40015D0BE /* MockLocationManager.swift */ = {isa = PBXFileReference; lastKnownFileType = sourcecode.swift; path = MockLocationManager.swift; sourceTree = "<group>"; };
		579C21B02368D7400015D0BE /* Assets.xcassets */ = {isa = PBXFileReference; lastKnownFileType = folder.assetcatalog; path = Assets.xcassets; sourceTree = "<group>"; };
		57B9175B237CBE020052D014 /* FavoritesViewController.swift */ = {isa = PBXFileReference; lastKnownFileType = sourcecode.swift; path = FavoritesViewController.swift; sourceTree = "<group>"; };
		57B9175D237CBE2C0052D014 /* FavoritesCoordinator.swift */ = {isa = PBXFileReference; lastKnownFileType = sourcecode.swift; path = FavoritesCoordinator.swift; sourceTree = "<group>"; };
		57B9175F237CBEFC0052D014 /* Favorites.storyboard */ = {isa = PBXFileReference; lastKnownFileType = file.storyboard; path = Favorites.storyboard; sourceTree = "<group>"; };
		57B91764237CC2F20052D014 /* MockFavoritesCoordinator.swift */ = {isa = PBXFileReference; lastKnownFileType = sourcecode.swift; path = MockFavoritesCoordinator.swift; sourceTree = "<group>"; };
		57B91766237CC4340052D014 /* FavoritesCoordinatorSpec.swift */ = {isa = PBXFileReference; lastKnownFileType = sourcecode.swift; path = FavoritesCoordinatorSpec.swift; sourceTree = "<group>"; };
		57C3CB87236A30AF007E1B9A /* URL+Extension.swift */ = {isa = PBXFileReference; lastKnownFileType = sourcecode.swift; path = "URL+Extension.swift"; sourceTree = "<group>"; };
		57C3CB89236A3145007E1B9A /* String+Extension.swift */ = {isa = PBXFileReference; lastKnownFileType = sourcecode.swift; path = "String+Extension.swift"; sourceTree = "<group>"; };
		57C3CB8E236A31A2007E1B9A /* String+ExtensionSpec.swift */ = {isa = PBXFileReference; lastKnownFileType = sourcecode.swift; path = "String+ExtensionSpec.swift"; sourceTree = "<group>"; };
		57C7B0FF23751451001AF112 /* TabCoordinator.swift */ = {isa = PBXFileReference; lastKnownFileType = sourcecode.swift; path = TabCoordinator.swift; sourceTree = "<group>"; };
		57C7B1042375AAF6001AF112 /* MockTabCoordinator.swift */ = {isa = PBXFileReference; lastKnownFileType = sourcecode.swift; path = MockTabCoordinator.swift; sourceTree = "<group>"; };
		57C7B1062375ADA3001AF112 /* TabCoordinatorSpec.swift */ = {isa = PBXFileReference; lastKnownFileType = sourcecode.swift; path = TabCoordinatorSpec.swift; sourceTree = "<group>"; };
		57C7B1082375AF2D001AF112 /* MockBusinessCoordinator.swift */ = {isa = PBXFileReference; lastKnownFileType = sourcecode.swift; path = MockBusinessCoordinator.swift; sourceTree = "<group>"; };
		57DCCA3F2357722E00CEA8DE /* Secret.swift */ = {isa = PBXFileReference; lastKnownFileType = sourcecode.swift; path = Secret.swift; sourceTree = "<group>"; };
		57DCCA662358EE6F00CEA8DE /* BusinessDetail.storyboard */ = {isa = PBXFileReference; lastKnownFileType = file.storyboard; path = BusinessDetail.storyboard; sourceTree = "<group>"; };
		57DCCA682358F36700CEA8DE /* BusinessDetailViewController.swift */ = {isa = PBXFileReference; lastKnownFileType = sourcecode.swift; path = BusinessDetailViewController.swift; sourceTree = "<group>"; };
		57E5071C237B32FF0061CBB6 /* SettingsCoordinator.swift */ = {isa = PBXFileReference; lastKnownFileType = sourcecode.swift; path = SettingsCoordinator.swift; sourceTree = "<group>"; };
		57E5071E237B351F0061CBB6 /* Coordinator.swift */ = {isa = PBXFileReference; lastKnownFileType = sourcecode.swift; path = Coordinator.swift; sourceTree = "<group>"; };
		57E50720237B3BC60061CBB6 /* Price.swift */ = {isa = PBXFileReference; lastKnownFileType = sourcecode.swift; path = Price.swift; sourceTree = "<group>"; };
		57E50723237B3C690061CBB6 /* UserDefaultKey.swift */ = {isa = PBXFileReference; lastKnownFileType = sourcecode.swift; path = UserDefaultKey.swift; sourceTree = "<group>"; };
		57E50726237B3CD60061CBB6 /* UserDefaultsWrapper.swift */ = {isa = PBXFileReference; lastKnownFileType = sourcecode.swift; path = UserDefaultsWrapper.swift; sourceTree = "<group>"; };
		57E5072C237B40BF0061CBB6 /* UserDefaultKeySpec.swift */ = {isa = PBXFileReference; lastKnownFileType = sourcecode.swift; path = UserDefaultKeySpec.swift; sourceTree = "<group>"; };
		57E5072E237B414D0061CBB6 /* MockUserDefaults.swift */ = {isa = PBXFileReference; lastKnownFileType = sourcecode.swift; path = MockUserDefaults.swift; sourceTree = "<group>"; };
		57E50730237B43DC0061CBB6 /* MockSettingsCoordinator.swift */ = {isa = PBXFileReference; lastKnownFileType = sourcecode.swift; path = MockSettingsCoordinator.swift; sourceTree = "<group>"; };
		57E50734237B52050061CBB6 /* SettingsCoordinatorSpec.swift */ = {isa = PBXFileReference; lastKnownFileType = sourcecode.swift; path = SettingsCoordinatorSpec.swift; sourceTree = "<group>"; };
		57E75D43237B5C93009F3256 /* DecoderWrapper.swift */ = {isa = PBXFileReference; lastKnownFileType = sourcecode.swift; path = DecoderWrapper.swift; sourceTree = "<group>"; };
		57E75D45237B5CDD009F3256 /* MockDecoder.swift */ = {isa = PBXFileReference; lastKnownFileType = sourcecode.swift; path = MockDecoder.swift; sourceTree = "<group>"; };
		57EEC11E23590B410076B9FD /* BusinessDetailView.swift */ = {isa = PBXFileReference; lastKnownFileType = sourcecode.swift; path = BusinessDetailView.swift; sourceTree = "<group>"; };
		B69E337B2322909000A4477E /* Find-My-Food.app */ = {isa = PBXFileReference; explicitFileType = wrapper.application; includeInIndex = 0; path = "Find-My-Food.app"; sourceTree = BUILT_PRODUCTS_DIR; };
		B69E33A12322912F00A4477E /* BusinessesModel.swift */ = {isa = PBXFileReference; fileEncoding = 4; lastKnownFileType = sourcecode.swift; path = BusinessesModel.swift; sourceTree = "<group>"; };
		B69E33A22322912F00A4477E /* BusinessesView.swift */ = {isa = PBXFileReference; fileEncoding = 4; lastKnownFileType = sourcecode.swift; path = BusinessesView.swift; sourceTree = "<group>"; };
		B69E33A32322912F00A4477E /* BusinessTableViewCell.swift */ = {isa = PBXFileReference; fileEncoding = 4; lastKnownFileType = sourcecode.swift; path = BusinessTableViewCell.swift; sourceTree = "<group>"; };
		B69E33A42322912F00A4477E /* Businesses.storyboard */ = {isa = PBXFileReference; fileEncoding = 4; lastKnownFileType = file.storyboard; path = Businesses.storyboard; sourceTree = "<group>"; };
		B69E33A52322912F00A4477E /* BusinessesViewController.swift */ = {isa = PBXFileReference; fileEncoding = 4; lastKnownFileType = sourcecode.swift; path = BusinessesViewController.swift; sourceTree = "<group>"; };
		B69E33A72322912F00A4477E /* Map.storyboard */ = {isa = PBXFileReference; fileEncoding = 4; lastKnownFileType = file.storyboard; path = Map.storyboard; sourceTree = "<group>"; };
		B69E33A82322912F00A4477E /* MapViewController.swift */ = {isa = PBXFileReference; fileEncoding = 4; lastKnownFileType = sourcecode.swift; path = MapViewController.swift; sourceTree = "<group>"; };
		B69E33A92322912F00A4477E /* MapView.swift */ = {isa = PBXFileReference; fileEncoding = 4; lastKnownFileType = sourcecode.swift; path = MapView.swift; sourceTree = "<group>"; };
		B69E33AA2322912F00A4477E /* MapModel.swift */ = {isa = PBXFileReference; fileEncoding = 4; lastKnownFileType = sourcecode.swift; path = MapModel.swift; sourceTree = "<group>"; };
		B69E33AD2322912F00A4477E /* BusinessSearchViewController.swift */ = {isa = PBXFileReference; fileEncoding = 4; lastKnownFileType = sourcecode.swift; path = BusinessSearchViewController.swift; sourceTree = "<group>"; };
		B69E33AE2322912F00A4477E /* BusinessSearchModel.swift */ = {isa = PBXFileReference; fileEncoding = 4; lastKnownFileType = sourcecode.swift; path = BusinessSearchModel.swift; sourceTree = "<group>"; };
		B69E33AF2322912F00A4477E /* BusinessSearchView.swift */ = {isa = PBXFileReference; fileEncoding = 4; lastKnownFileType = sourcecode.swift; path = BusinessSearchView.swift; sourceTree = "<group>"; };
		B69E33B12322912F00A4477E /* Coordinate.swift */ = {isa = PBXFileReference; fileEncoding = 4; lastKnownFileType = sourcecode.swift; path = Coordinate.swift; sourceTree = "<group>"; };
		B69E33B22322912F00A4477E /* Response.swift */ = {isa = PBXFileReference; fileEncoding = 4; lastKnownFileType = sourcecode.swift; path = Response.swift; sourceTree = "<group>"; };
		B69E33B32322912F00A4477E /* Business.swift */ = {isa = PBXFileReference; fileEncoding = 4; lastKnownFileType = sourcecode.swift; path = Business.swift; sourceTree = "<group>"; };
		B69E33B62322912F00A4477E /* YelpRoutes.swift */ = {isa = PBXFileReference; fileEncoding = 4; lastKnownFileType = sourcecode.swift; path = YelpRoutes.swift; sourceTree = "<group>"; };
		B69E33B72322912F00A4477E /* BusinessSearchClient.swift */ = {isa = PBXFileReference; fileEncoding = 4; lastKnownFileType = sourcecode.swift; path = BusinessSearchClient.swift; sourceTree = "<group>"; };
		B69E33B82322912F00A4477E /* URLSessionWrapper.swift */ = {isa = PBXFileReference; fileEncoding = 4; lastKnownFileType = sourcecode.swift; path = URLSessionWrapper.swift; sourceTree = "<group>"; };
		B69E33B92322912F00A4477E /* BaseServiceClient.swift */ = {isa = PBXFileReference; fileEncoding = 4; lastKnownFileType = sourcecode.swift; path = BaseServiceClient.swift; sourceTree = "<group>"; };
		B69E33BB2322912F00A4477E /* Array+Extension.swift */ = {isa = PBXFileReference; fileEncoding = 4; lastKnownFileType = sourcecode.swift; path = "Array+Extension.swift"; sourceTree = "<group>"; };
		B69E33BD2322912F00A4477E /* Assets.xcassets */ = {isa = PBXFileReference; lastKnownFileType = folder.assetcatalog; path = Assets.xcassets; sourceTree = "<group>"; };
		B69E33BF2322912F00A4477E /* Base */ = {isa = PBXFileReference; lastKnownFileType = file.storyboard; name = Base; path = Base.lproj/LaunchScreen.storyboard; sourceTree = "<group>"; };
		B69E33C02322912F00A4477E /* AppDelegate.swift */ = {isa = PBXFileReference; fileEncoding = 4; lastKnownFileType = sourcecode.swift; path = AppDelegate.swift; sourceTree = "<group>"; };
		B69E33C62322912F00A4477E /* BusinessesModelSpec.swift */ = {isa = PBXFileReference; fileEncoding = 4; lastKnownFileType = sourcecode.swift; path = BusinessesModelSpec.swift; sourceTree = "<group>"; };
		B69E33CA2322912F00A4477E /* MockMapModelDelegate.swift */ = {isa = PBXFileReference; fileEncoding = 4; lastKnownFileType = sourcecode.swift; path = MockMapModelDelegate.swift; sourceTree = "<group>"; };
		B69E33CB2322912F00A4477E /* MapModelSpec.swift */ = {isa = PBXFileReference; fileEncoding = 4; lastKnownFileType = sourcecode.swift; path = MapModelSpec.swift; sourceTree = "<group>"; };
		B69E33CD2322912F00A4477E /* BusinessSearchModelSpec.swift */ = {isa = PBXFileReference; fileEncoding = 4; lastKnownFileType = sourcecode.swift; path = BusinessSearchModelSpec.swift; sourceTree = "<group>"; };
		B69E33CF2322912F00A4477E /* MockBusinessSearchModelDelegate.swift */ = {isa = PBXFileReference; fileEncoding = 4; lastKnownFileType = sourcecode.swift; path = MockBusinessSearchModelDelegate.swift; sourceTree = "<group>"; };
		B69E33D02322912F00A4477E /* BaseServiceClientSpec.swift */ = {isa = PBXFileReference; fileEncoding = 4; lastKnownFileType = sourcecode.swift; path = BaseServiceClientSpec.swift; sourceTree = "<group>"; };
		B69E33D22322912F00A4477E /* businesses.json */ = {isa = PBXFileReference; fileEncoding = 4; lastKnownFileType = text.json; path = businesses.json; sourceTree = "<group>"; };
		B69E33D32322912F00A4477E /* IncompleteMockBusiness.json */ = {isa = PBXFileReference; fileEncoding = 4; lastKnownFileType = text.json; path = IncompleteMockBusiness.json; sourceTree = "<group>"; };
		B69E33D52322912F00A4477E /* MockResponse.json */ = {isa = PBXFileReference; fileEncoding = 4; lastKnownFileType = text.json; path = MockResponse.json; sourceTree = "<group>"; };
		B69E33D62322912F00A4477E /* BusinessSpec.swift */ = {isa = PBXFileReference; fileEncoding = 4; lastKnownFileType = sourcecode.swift; path = BusinessSpec.swift; sourceTree = "<group>"; };
		B69E33D72322912F00A4477E /* IncompleteMockCoordinate.json */ = {isa = PBXFileReference; fileEncoding = 4; lastKnownFileType = text.json; path = IncompleteMockCoordinate.json; sourceTree = "<group>"; };
		B69E33D82322912F00A4477E /* ResponseSpec.swift */ = {isa = PBXFileReference; fileEncoding = 4; lastKnownFileType = sourcecode.swift; path = ResponseSpec.swift; sourceTree = "<group>"; };
		B69E33D92322912F00A4477E /* MockCoordinate.json */ = {isa = PBXFileReference; fileEncoding = 4; lastKnownFileType = text.json; path = MockCoordinate.json; sourceTree = "<group>"; };
		B69E33DA2322912F00A4477E /* MockBusinesses.json */ = {isa = PBXFileReference; fileEncoding = 4; lastKnownFileType = text.json; path = MockBusinesses.json; sourceTree = "<group>"; };
		B69E33DB2322912F00A4477E /* IncompleteMockResponse.json */ = {isa = PBXFileReference; fileEncoding = 4; lastKnownFileType = text.json; path = IncompleteMockResponse.json; sourceTree = "<group>"; };
		B69E33DC2322912F00A4477E /* CoordinateSpec.swift */ = {isa = PBXFileReference; fileEncoding = 4; lastKnownFileType = sourcecode.swift; path = CoordinateSpec.swift; sourceTree = "<group>"; };
		B69E33DD2322912F00A4477E /* TestData.swift */ = {isa = PBXFileReference; fileEncoding = 4; lastKnownFileType = sourcecode.swift; path = TestData.swift; sourceTree = "<group>"; };
		B69E33DF2322912F00A4477E /* YelpRoutesSpec.swift */ = {isa = PBXFileReference; fileEncoding = 4; lastKnownFileType = sourcecode.swift; path = YelpRoutesSpec.swift; sourceTree = "<group>"; };
		B69E33E02322912F00A4477E /* MockBusinessSearchClient.swift */ = {isa = PBXFileReference; fileEncoding = 4; lastKnownFileType = sourcecode.swift; path = MockBusinessSearchClient.swift; sourceTree = "<group>"; };
		B69E33E12322912F00A4477E /* MockServiceClient.swift */ = {isa = PBXFileReference; fileEncoding = 4; lastKnownFileType = sourcecode.swift; path = MockServiceClient.swift; sourceTree = "<group>"; };
		B69E33E22322912F00A4477E /* MockURLSession.swift */ = {isa = PBXFileReference; fileEncoding = 4; lastKnownFileType = sourcecode.swift; path = MockURLSession.swift; sourceTree = "<group>"; };
		B69E33E42322912F00A4477E /* BusinessSearchClientSpec.swift */ = {isa = PBXFileReference; fileEncoding = 4; lastKnownFileType = sourcecode.swift; path = BusinessSearchClientSpec.swift; sourceTree = "<group>"; };
		B69E33E62322912F00A4477E /* Array+ExtensionSpec.swift */ = {isa = PBXFileReference; fileEncoding = 4; lastKnownFileType = sourcecode.swift; path = "Array+ExtensionSpec.swift"; sourceTree = "<group>"; };
		B69E34202322936F00A4477E /* Cartfile.resolved */ = {isa = PBXFileReference; fileEncoding = 4; lastKnownFileType = text; path = Cartfile.resolved; sourceTree = SOURCE_ROOT; };
		B69E34212322936F00A4477E /* Cartfile.private */ = {isa = PBXFileReference; fileEncoding = 4; lastKnownFileType = text; path = Cartfile.private; sourceTree = SOURCE_ROOT; };
		B69E34252322939D00A4477E /* Quick.framework */ = {isa = PBXFileReference; lastKnownFileType = wrapper.framework; name = Quick.framework; path = Carthage/Build/iOS/Quick.framework; sourceTree = "<group>"; };
		B69E34262322939D00A4477E /* Nimble.framework */ = {isa = PBXFileReference; lastKnownFileType = wrapper.framework; name = Nimble.framework; path = Carthage/Build/iOS/Nimble.framework; sourceTree = "<group>"; };
		B69E34512322977900A4477E /* Find-My-FoodTests.xctest */ = {isa = PBXFileReference; explicitFileType = wrapper.cfbundle; includeInIndex = 0; path = "Find-My-FoodTests.xctest"; sourceTree = BUILT_PRODUCTS_DIR; };
		B69E346423229A1E00A4477E /* Info.plist */ = {isa = PBXFileReference; fileEncoding = 4; lastKnownFileType = text.plist.xml; path = Info.plist; sourceTree = "<group>"; };
		B6D5D5FE233B06D5004138F5 /* Storyboarded.swift */ = {isa = PBXFileReference; lastKnownFileType = sourcecode.swift; path = Storyboarded.swift; sourceTree = "<group>"; };
		B6D5D600233B077C004138F5 /* BusinessCoordinator.swift */ = {isa = PBXFileReference; lastKnownFileType = sourcecode.swift; path = BusinessCoordinator.swift; sourceTree = "<group>"; };
		B6D5D602233B0DFF004138F5 /* BusinessSearch.storyboard */ = {isa = PBXFileReference; lastKnownFileType = file.storyboard; path = BusinessSearch.storyboard; sourceTree = "<group>"; };
/* End PBXFileReference section */

/* Begin PBXFrameworksBuildPhase section */
		B69E33782322909000A4477E /* Frameworks */ = {
			isa = PBXFrameworksBuildPhase;
			buildActionMask = 2147483647;
			files = (
			);
			runOnlyForDeploymentPostprocessing = 0;
		};
		B69E344E2322977900A4477E /* Frameworks */ = {
			isa = PBXFrameworksBuildPhase;
			buildActionMask = 2147483647;
			files = (
				B69E346C2322EF3700A4477E /* Nimble.framework in Frameworks */,
				B69E346D2322EF3700A4477E /* Quick.framework in Frameworks */,
			);
			runOnlyForDeploymentPostprocessing = 0;
		};
/* End PBXFrameworksBuildPhase section */

/* Begin PBXGroup section */
		5701EC6D2362381A004A4EAA /* Coordinators */ = {
			isa = PBXGroup;
			children = (
				5701EC6E23623827004A4EAA /* BusinessCoordinatorSpec.swift */,
				57C7B1062375ADA3001AF112 /* TabCoordinatorSpec.swift */,
				57E50730237B43DC0061CBB6 /* MockSettingsCoordinator.swift */,
				57B91764237CC2F20052D014 /* MockFavoritesCoordinator.swift */,
				57C7B1082375AF2D001AF112 /* MockBusinessCoordinator.swift */,
				57C7B1042375AAF6001AF112 /* MockTabCoordinator.swift */,
				57E50734237B52050061CBB6 /* SettingsCoordinatorSpec.swift */,
				57B91766237CC4340052D014 /* FavoritesCoordinatorSpec.swift */,
			);
			path = Coordinators;
			sourceTree = "<group>";
		};
		570B4F72237A069F000FCA90 /* Settings */ = {
			isa = PBXGroup;
			children = (
				575AAF29237A0BB6004FAB58 /* SettingsModel.swift */,
				575AAF27237A08DB004FAB58 /* SettingsTableViewController.swift */,
				570B4F73237A06AE000FCA90 /* SettingsTable.storyboard */,
			);
			path = Settings;
			sourceTree = "<group>";
		};
		571ABE8E23847B8C004F0003 /* CoreData */ = {
			isa = PBXGroup;
			children = (
				5734439123858798001022AA /* CDCategory+CoreDataClass.swift */,
				5734439223858798001022AA /* CDCategory+CoreDataProperties.swift */,
				5734439323858798001022AA /* CDLocation+CoreDataClass.swift */,
				5734439423858798001022AA /* CDLocation+CoreDataProperties.swift */,
				5734439523858798001022AA /* CDBusiness+CoreDataClass.swift */,
				5734439623858798001022AA /* CDBusiness+CoreDataProperties.swift */,
				571ABE8F23847C3A004F0003 /* CoreDataStack.swift */,
				571ABE9423847EF5004F0003 /* Find-My-Food.xcdatamodeld */,
			);
			path = CoreData;
			sourceTree = "<group>";
		};
		571ABE9123847CE3004F0003 /* Session */ = {
			isa = PBXGroup;
			children = (
				571ABE9223847CE9004F0003 /* AppSession.swift */,
			);
			path = Session;
			sourceTree = "<group>";
		};
		575AAF2B237A331C004FAB58 /* Settings */ = {
			isa = PBXGroup;
			children = (
				575AAF2C237A332E004FAB58 /* SettingsModelSpec.swift */,
				575AAF2E237A33D5004FAB58 /* MockSettingsModelDelegate.swift */,
			);
			path = Settings;
			sourceTree = "<group>";
		};
		579C21A12368B8F50015D0BE /* Location */ = {
			isa = PBXGroup;
			children = (
				579C21A22368B8FE0015D0BE /* GeocoderWrapper.swift */,
				579C21A42368B9110015D0BE /* GeocoderProtocol.swift */,
				579C21A62368B91F0015D0BE /* LocationManagerInterface.swift */,
				579C21A82368B92A0015D0BE /* LocationManagerWrapper.swift */,
			);
			path = Location;
			sourceTree = "<group>";
		};
		57B9175A237CBDEE0052D014 /* Favorites */ = {
			isa = PBXGroup;
			children = (
				57B9175B237CBE020052D014 /* FavoritesViewController.swift */,
				57B9175F237CBEFC0052D014 /* Favorites.storyboard */,
			);
			path = Favorites;
			sourceTree = "<group>";
		};
		57DCCA652358EE4500CEA8DE /* Business Detail */ = {
			isa = PBXGroup;
			children = (
				57DCCA662358EE6F00CEA8DE /* BusinessDetail.storyboard */,
				57DCCA682358F36700CEA8DE /* BusinessDetailViewController.swift */,
				57EEC11E23590B410076B9FD /* BusinessDetailView.swift */,
			);
			path = "Business Detail";
			sourceTree = "<group>";
		};
		57E50722237B3C4D0061CBB6 /* Persistence */ = {
			isa = PBXGroup;
			children = (
				571ABE8E23847B8C004F0003 /* CoreData */,
				57E50725237B3CCA0061CBB6 /* UserDefaults */,
			);
			path = Persistence;
			sourceTree = "<group>";
		};
		57E50725237B3CCA0061CBB6 /* UserDefaults */ = {
			isa = PBXGroup;
			children = (
				57E50723237B3C690061CBB6 /* UserDefaultKey.swift */,
				57E50726237B3CD60061CBB6 /* UserDefaultsWrapper.swift */,
			);
			path = UserDefaults;
			sourceTree = "<group>";
		};
		57E5072A237B40A70061CBB6 /* Persistence */ = {
			isa = PBXGroup;
			children = (
				57E5072B237B40AA0061CBB6 /* User Defaults */,
			);
			path = Persistence;
			sourceTree = "<group>";
		};
		57E5072B237B40AA0061CBB6 /* User Defaults */ = {
			isa = PBXGroup;
			children = (
				57E5072C237B40BF0061CBB6 /* UserDefaultKeySpec.swift */,
				57E5072E237B414D0061CBB6 /* MockUserDefaults.swift */,
			);
			path = "User Defaults";
			sourceTree = "<group>";
		};
		B69E33722322909000A4477E = {
			isa = PBXGroup;
			children = (
				B69E339E2322912E00A4477E /* Find-My-Food */,
				B69E34522322977900A4477E /* Find-My-FoodTests */,
				B69E337C2322909000A4477E /* Products */,
				B69E34242322939D00A4477E /* Frameworks */,
			);
			sourceTree = "<group>";
		};
		B69E337C2322909000A4477E /* Products */ = {
			isa = PBXGroup;
			children = (
				B69E337B2322909000A4477E /* Find-My-Food.app */,
				B69E34512322977900A4477E /* Find-My-FoodTests.xctest */,
			);
			name = Products;
			sourceTree = "<group>";
		};
		B69E339E2322912E00A4477E /* Find-My-Food */ = {
			isa = PBXGroup;
			children = (
				571ABE9123847CE3004F0003 /* Session */,
				57E50722237B3C4D0061CBB6 /* Persistence */,
				579C21A12368B8F50015D0BE /* Location */,
				B69E3447232294B200A4477E /* Config */,
				B69E339F2322912E00A4477E /* UI */,
				B69E33B02322912F00A4477E /* Types */,
				B69E33B42322912F00A4477E /* Network */,
				B69E33BA2322912F00A4477E /* Extensions */,
				B69E33BC2322912F00A4477E /* Utilities */,
			);
			path = "Find-My-Food";
			sourceTree = "<group>";
		};
		B69E339F2322912E00A4477E /* UI */ = {
			isa = PBXGroup;
			children = (
				B6D5D5FB233B06AD004138F5 /* Coordinators */,
				57B9175A237CBDEE0052D014 /* Favorites */,
				570B4F72237A069F000FCA90 /* Settings */,
				B69E33A02322912E00A4477E /* Businesses */,
				B69E33A62322912F00A4477E /* Map */,
				B69E33AC2322912F00A4477E /* Business Search */,
				57DCCA652358EE4500CEA8DE /* Business Detail */,
			);
			path = UI;
			sourceTree = "<group>";
		};
		B69E33A02322912E00A4477E /* Businesses */ = {
			isa = PBXGroup;
			children = (
				B69E33A12322912F00A4477E /* BusinessesModel.swift */,
				B69E33A22322912F00A4477E /* BusinessesView.swift */,
				B69E33A32322912F00A4477E /* BusinessTableViewCell.swift */,
				B69E33A52322912F00A4477E /* BusinessesViewController.swift */,
				B69E33A42322912F00A4477E /* Businesses.storyboard */,
			);
			path = Businesses;
			sourceTree = "<group>";
		};
		B69E33A62322912F00A4477E /* Map */ = {
			isa = PBXGroup;
			children = (
				B69E33A82322912F00A4477E /* MapViewController.swift */,
				B69E33A92322912F00A4477E /* MapView.swift */,
				B69E33AA2322912F00A4477E /* MapModel.swift */,
				B69E33A72322912F00A4477E /* Map.storyboard */,
			);
			path = Map;
			sourceTree = "<group>";
		};
		B69E33AC2322912F00A4477E /* Business Search */ = {
			isa = PBXGroup;
			children = (
				B69E33AD2322912F00A4477E /* BusinessSearchViewController.swift */,
				B69E33AE2322912F00A4477E /* BusinessSearchModel.swift */,
				B69E33AF2322912F00A4477E /* BusinessSearchView.swift */,
				57133BD02374BD3500DDB2D9 /* PriceButton.swift */,
				B6D5D602233B0DFF004138F5 /* BusinessSearch.storyboard */,
			);
			path = "Business Search";
			sourceTree = "<group>";
		};
		B69E33B02322912F00A4477E /* Types */ = {
			isa = PBXGroup;
			children = (
				57E50720237B3BC60061CBB6 /* Price.swift */,
				B69E33B12322912F00A4477E /* Coordinate.swift */,
				B69E33B22322912F00A4477E /* Response.swift */,
				B69E33B32322912F00A4477E /* Business.swift */,
				575AAF30237A374C004FAB58 /* Radius.swift */,
			);
			path = Types;
			sourceTree = "<group>";
		};
		B69E33B42322912F00A4477E /* Network */ = {
			isa = PBXGroup;
			children = (
				B69E33B62322912F00A4477E /* YelpRoutes.swift */,
				B69E33B72322912F00A4477E /* BusinessSearchClient.swift */,
				57E75D43237B5C93009F3256 /* DecoderWrapper.swift */,
				B69E33B82322912F00A4477E /* URLSessionWrapper.swift */,
				B69E33B92322912F00A4477E /* BaseServiceClient.swift */,
			);
			path = Network;
			sourceTree = "<group>";
		};
		B69E33BA2322912F00A4477E /* Extensions */ = {
			isa = PBXGroup;
			children = (
				B69E33BB2322912F00A4477E /* Array+Extension.swift */,
				57C3CB87236A30AF007E1B9A /* URL+Extension.swift */,
				57C3CB89236A3145007E1B9A /* String+Extension.swift */,
				575225EC23722D600023085E /* Int+Extension.swift */,
			);
			path = Extensions;
			sourceTree = "<group>";
		};
		B69E33BC2322912F00A4477E /* Utilities */ = {
			isa = PBXGroup;
			children = (
				B69E33BD2322912F00A4477E /* Assets.xcassets */,
				B69E33BE2322912F00A4477E /* LaunchScreen.storyboard */,
				B69E33C02322912F00A4477E /* AppDelegate.swift */,
				B69E34212322936F00A4477E /* Cartfile.private */,
				B69E34202322936F00A4477E /* Cartfile.resolved */,
				B69E346423229A1E00A4477E /* Info.plist */,
			);
			path = Utilities;
			sourceTree = "<group>";
		};
		B69E33C32322912F00A4477E /* UI */ = {
			isa = PBXGroup;
			children = (
				5701EC6D2362381A004A4EAA /* Coordinators */,
				575AAF2B237A331C004FAB58 /* Settings */,
				B69E33C42322912F00A4477E /* Businesses */,
				B69E33C72322912F00A4477E /* Map */,
				B69E33CC2322912F00A4477E /* Business Search */,
			);
			path = UI;
			sourceTree = "<group>";
		};
		B69E33C42322912F00A4477E /* Businesses */ = {
			isa = PBXGroup;
			children = (
				B69E33C62322912F00A4477E /* BusinessesModelSpec.swift */,
				57173C232364C1A500BF7E2C /* MockBusinessesModelDelegate.swift */,
			);
			path = Businesses;
			sourceTree = "<group>";
		};
		B69E33C72322912F00A4477E /* Map */ = {
			isa = PBXGroup;
			children = (
				B69E33CA2322912F00A4477E /* MockMapModelDelegate.swift */,
				B69E33CB2322912F00A4477E /* MapModelSpec.swift */,
				579C21AC2368CAA40015D0BE /* MockLocationManager.swift */,
				579C21AA2368C9310015D0BE /* MockGeocoder.swift */,
			);
			path = Map;
			sourceTree = "<group>";
		};
		B69E33CC2322912F00A4477E /* Business Search */ = {
			isa = PBXGroup;
			children = (
				B69E33CD2322912F00A4477E /* BusinessSearchModelSpec.swift */,
				B69E33CF2322912F00A4477E /* MockBusinessSearchModelDelegate.swift */,
			);
			path = "Business Search";
			sourceTree = "<group>";
		};
		B69E33D12322912F00A4477E /* TestData */ = {
			isa = PBXGroup;
			children = (
				B69E33D22322912F00A4477E /* businesses.json */,
				B69E33D32322912F00A4477E /* IncompleteMockBusiness.json */,
			);
			path = TestData;
			sourceTree = "<group>";
		};
		B69E33D42322912F00A4477E /* Types */ = {
			isa = PBXGroup;
			children = (
				B69E33D52322912F00A4477E /* MockResponse.json */,
				B69E33D62322912F00A4477E /* BusinessSpec.swift */,
				B69E33D72322912F00A4477E /* IncompleteMockCoordinate.json */,
				B69E33D82322912F00A4477E /* ResponseSpec.swift */,
				B69E33D92322912F00A4477E /* MockCoordinate.json */,
				B69E33DA2322912F00A4477E /* MockBusinesses.json */,
				B69E33DB2322912F00A4477E /* IncompleteMockResponse.json */,
				B69E33DC2322912F00A4477E /* CoordinateSpec.swift */,
			);
			path = Types;
			sourceTree = "<group>";
		};
		B69E33DE2322912F00A4477E /* Network */ = {
			isa = PBXGroup;
			children = (
				B69E33D02322912F00A4477E /* BaseServiceClientSpec.swift */,
				B69E33DF2322912F00A4477E /* YelpRoutesSpec.swift */,
				B69E33E02322912F00A4477E /* MockBusinessSearchClient.swift */,
				B69E33E12322912F00A4477E /* MockServiceClient.swift */,
				B69E33E22322912F00A4477E /* MockURLSession.swift */,
				B69E33E42322912F00A4477E /* BusinessSearchClientSpec.swift */,
				57E75D45237B5CDD009F3256 /* MockDecoder.swift */,
			);
			path = Network;
			sourceTree = "<group>";
		};
		B69E33E52322912F00A4477E /* Extensions */ = {
			isa = PBXGroup;
			children = (
				B69E33E62322912F00A4477E /* Array+ExtensionSpec.swift */,
				57C3CB8E236A31A2007E1B9A /* String+ExtensionSpec.swift */,
				575225EE23722DF40023085E /* Int+ExtensionSpec.swift */,
			);
			path = Extensions;
			sourceTree = "<group>";
		};
		B69E34242322939D00A4477E /* Frameworks */ = {
			isa = PBXGroup;
			children = (
				B69E34262322939D00A4477E /* Nimble.framework */,
				B69E34252322939D00A4477E /* Quick.framework */,
			);
			name = Frameworks;
			sourceTree = "<group>";
		};
		B69E3447232294B200A4477E /* Config */ = {
			isa = PBXGroup;
			children = (
				57DCCA3F2357722E00CEA8DE /* Secret.swift */,
			);
			path = Config;
			sourceTree = "<group>";
		};
		B69E34522322977900A4477E /* Find-My-FoodTests */ = {
			isa = PBXGroup;
			children = (
				57E5072A237B40A70061CBB6 /* Persistence */,
				B69E33DE2322912F00A4477E /* Network */,
				B69E33C32322912F00A4477E /* UI */,
				B69E33D12322912F00A4477E /* TestData */,
				B69E33D42322912F00A4477E /* Types */,
				B69E33DD2322912F00A4477E /* TestData.swift */,
				B69E33E52322912F00A4477E /* Extensions */,
				579C21B02368D7400015D0BE /* Assets.xcassets */,
			);
			path = "Find-My-FoodTests";
			sourceTree = "<group>";
		};
		B6D5D5FB233B06AD004138F5 /* Coordinators */ = {
			isa = PBXGroup;
			children = (
				B6D5D5FE233B06D5004138F5 /* Storyboarded.swift */,
				B6D5D600233B077C004138F5 /* BusinessCoordinator.swift */,
				57C7B0FF23751451001AF112 /* TabCoordinator.swift */,
				57E5071C237B32FF0061CBB6 /* SettingsCoordinator.swift */,
				57B9175D237CBE2C0052D014 /* FavoritesCoordinator.swift */,
				57E5071E237B351F0061CBB6 /* Coordinator.swift */,
			);
			path = Coordinators;
			sourceTree = "<group>";
		};
/* End PBXGroup section */

/* Begin PBXNativeTarget section */
		B69E337A2322909000A4477E /* Find-My-Food */ = {
			isa = PBXNativeTarget;
			buildConfigurationList = B69E33982322909100A4477E /* Build configuration list for PBXNativeTarget "Find-My-Food" */;
			buildPhases = (
				B69E33772322909000A4477E /* Sources */,
				B69E341D2322917500A4477E /* Swiftlint */,
				B69E33792322909000A4477E /* Resources */,
				B69E33782322909000A4477E /* Frameworks */,
			);
			buildRules = (
			);
			dependencies = (
			);
			name = "Find-My-Food";
			productName = "Find-My-Food";
			productReference = B69E337B2322909000A4477E /* Find-My-Food.app */;
			productType = "com.apple.product-type.application";
		};
		B69E34502322977900A4477E /* Find-My-FoodTests */ = {
			isa = PBXNativeTarget;
			buildConfigurationList = B69E34582322977900A4477E /* Build configuration list for PBXNativeTarget "Find-My-FoodTests" */;
			buildPhases = (
				B69E344D2322977900A4477E /* Sources */,
				B69E346B2322EB7C00A4477E /* Carthage Copy */,
				B69E344E2322977900A4477E /* Frameworks */,
				B69E344F2322977900A4477E /* Resources */,
			);
			buildRules = (
			);
			dependencies = (
				B69E34572322977900A4477E /* PBXTargetDependency */,
			);
			name = "Find-My-FoodTests";
			productName = "Find-My-FoodTests";
			productReference = B69E34512322977900A4477E /* Find-My-FoodTests.xctest */;
			productType = "com.apple.product-type.bundle.unit-test";
		};
/* End PBXNativeTarget section */

/* Begin PBXProject section */
		B69E33732322909000A4477E /* Project object */ = {
			isa = PBXProject;
			attributes = {
				LastSwiftUpdateCheck = 1030;
				LastUpgradeCheck = 1030;
				ORGANIZATIONNAME = "Zachary Frew";
				TargetAttributes = {
					B69E337A2322909000A4477E = {
						CreatedOnToolsVersion = 10.3;
					};
					B69E34502322977900A4477E = {
						CreatedOnToolsVersion = 10.3;
						TestTargetID = B69E337A2322909000A4477E;
					};
				};
			};
			buildConfigurationList = B69E33762322909000A4477E /* Build configuration list for PBXProject "Find-My-Food" */;
			compatibilityVersion = "Xcode 9.3";
			developmentRegion = en;
			hasScannedForEncodings = 0;
			knownRegions = (
				en,
				Base,
			);
			mainGroup = B69E33722322909000A4477E;
			productRefGroup = B69E337C2322909000A4477E /* Products */;
			projectDirPath = "";
			projectRoot = "";
			targets = (
				B69E337A2322909000A4477E /* Find-My-Food */,
				B69E34502322977900A4477E /* Find-My-FoodTests */,
			);
		};
/* End PBXProject section */

/* Begin PBXResourcesBuildPhase section */
		B69E33792322909000A4477E /* Resources */ = {
			isa = PBXResourcesBuildPhase;
			buildActionMask = 2147483647;
			files = (
				B69E33EA2322912F00A4477E /* Businesses.storyboard in Resources */,
				B69E34222322936F00A4477E /* Cartfile.resolved in Resources */,
				B69E33FE2322912F00A4477E /* LaunchScreen.storyboard in Resources */,
				B69E33FD2322912F00A4477E /* Assets.xcassets in Resources */,
				57B91760237CBEFC0052D014 /* Favorites.storyboard in Resources */,
				B6D5D603233B0DFF004138F5 /* BusinessSearch.storyboard in Resources */,
				B69E34232322936F00A4477E /* Cartfile.private in Resources */,
				570B4F74237A06AE000FCA90 /* SettingsTable.storyboard in Resources */,
				B69E33EC2322912F00A4477E /* Map.storyboard in Resources */,
				57DCCA672358EE6F00CEA8DE /* BusinessDetail.storyboard in Resources */,
			);
			runOnlyForDeploymentPostprocessing = 0;
		};
		B69E344F2322977900A4477E /* Resources */ = {
			isa = PBXResourcesBuildPhase;
			buildActionMask = 2147483647;
			files = (
				B69E34732322F20500A4477E /* businesses.json in Resources */,
				B69E34752322F21000A4477E /* IncompleteMockResponse.json in Resources */,
				B69E34792322F21000A4477E /* IncompleteMockCoordinate.json in Resources */,
				B69E347B2322F21000A4477E /* MockCoordinate.json in Resources */,
				B69E347A2322F21000A4477E /* MockBusinesses.json in Resources */,
				B69E34762322F21000A4477E /* MockResponse.json in Resources */,
				579C21B12368D7400015D0BE /* Assets.xcassets in Resources */,
				B69E34742322F20500A4477E /* IncompleteMockBusiness.json in Resources */,
			);
			runOnlyForDeploymentPostprocessing = 0;
		};
/* End PBXResourcesBuildPhase section */

/* Begin PBXShellScriptBuildPhase section */
		B69E341D2322917500A4477E /* Swiftlint */ = {
			isa = PBXShellScriptBuildPhase;
			buildActionMask = 2147483647;
			files = (
			);
			inputFileListPaths = (
			);
			inputPaths = (
			);
			name = Swiftlint;
			outputFileListPaths = (
			);
			outputPaths = (
			);
			runOnlyForDeploymentPostprocessing = 0;
			shellPath = /bin/sh;
			shellScript = "if which swiftlint >/dev/null; then\n    swiftlint autocorrect\n    swiftlint lint\nelse\n    echo \"warning: SwiftLint not installed, download from https://github.com/realm/SwiftLint\"\nfi\n";
		};
		B69E346B2322EB7C00A4477E /* Carthage Copy */ = {
			isa = PBXShellScriptBuildPhase;
			buildActionMask = 2147483647;
			files = (
			);
			inputFileListPaths = (
			);
			inputPaths = (
				"$(SRCROOT)/Carthage/Build/iOS/Quick.framework",
				"$(SRCROOT)/Carthage/Build/iOS/Nimble.framework",
			);
			name = "Carthage Copy";
			outputFileListPaths = (
			);
			outputPaths = (
				"${TARGET_BUILD_DIR}/${FRAMEWORKS_FOLDER_PATH}/Quick.framework",
				"${TARGET_BUILD_DIR}/${FRAMEWORKS_FOLDER_PATH}/Nimble.framework",
			);
			runOnlyForDeploymentPostprocessing = 0;
			shellPath = /bin/sh;
			shellScript = "echo ${TARGET_BUILD_DIR}\n\n/usr/local/bin/carthage copy-frameworks\n";
		};
/* End PBXShellScriptBuildPhase section */

/* Begin PBXSourcesBuildPhase section */
		B69E33772322909000A4477E /* Sources */ = {
			isa = PBXSourcesBuildPhase;
			buildActionMask = 2147483647;
			files = (
				5734439C23858798001022AA /* CDBusiness+CoreDataProperties.swift in Sources */,
				B69E33EB2322912F00A4477E /* BusinessesViewController.swift in Sources */,
				57B9175C237CBE020052D014 /* FavoritesViewController.swift in Sources */,
				5734439823858798001022AA /* CDCategory+CoreDataProperties.swift in Sources */,
				575225ED23722D600023085E /* Int+Extension.swift in Sources */,
				57EEC11F23590B410076B9FD /* BusinessDetailView.swift in Sources */,
				57DCCA402357722E00CEA8DE /* Secret.swift in Sources */,
				57C7B10023751451001AF112 /* TabCoordinator.swift in Sources */,
				571ABE9323847CE9004F0003 /* AppSession.swift in Sources */,
				B69E33F62322912F00A4477E /* Business.swift in Sources */,
				57E5071F237B351F0061CBB6 /* Coordinator.swift in Sources */,
				575AAF28237A08DB004FAB58 /* SettingsTableViewController.swift in Sources */,
				57E50721237B3BC60061CBB6 /* Price.swift in Sources */,
				579C21A92368B92A0015D0BE /* LocationManagerWrapper.swift in Sources */,
				57E5071D237B32FF0061CBB6 /* SettingsCoordinator.swift in Sources */,
				57133BD12374BD3500DDB2D9 /* PriceButton.swift in Sources */,
				B69E33EE2322912F00A4477E /* MapView.swift in Sources */,
				B69E33F32322912F00A4477E /* BusinessSearchView.swift in Sources */,
				575AAF31237A374C004FAB58 /* Radius.swift in Sources */,
				571ABE9623847EF5004F0003 /* Find-My-Food.xcdatamodeld in Sources */,
				5734439723858798001022AA /* CDCategory+CoreDataClass.swift in Sources */,
				57C3CB8B236A314B007E1B9A /* String+Extension.swift in Sources */,
				57E75D44237B5C93009F3256 /* DecoderWrapper.swift in Sources */,
				B69E33E82322912F00A4477E /* BusinessesView.swift in Sources */,
				B69E33F12322912F00A4477E /* BusinessSearchViewController.swift in Sources */,
				B69E33E72322912F00A4477E /* BusinessesModel.swift in Sources */,
				57E50727237B3CD60061CBB6 /* UserDefaultsWrapper.swift in Sources */,
				B69E33F82322912F00A4477E /* YelpRoutes.swift in Sources */,
				B69E33FB2322912F00A4477E /* BaseServiceClient.swift in Sources */,
				B69E33F52322912F00A4477E /* Response.swift in Sources */,
				B69E33EF2322912F00A4477E /* MapModel.swift in Sources */,
				B69E33FC2322912F00A4477E /* Array+Extension.swift in Sources */,
				B69E33ED2322912F00A4477E /* MapViewController.swift in Sources */,
				B6D5D601233B077C004138F5 /* BusinessCoordinator.swift in Sources */,
				B69E33F22322912F00A4477E /* BusinessSearchModel.swift in Sources */,
				571ABE9023847C3A004F0003 /* CoreDataStack.swift in Sources */,
				5734439A23858798001022AA /* CDLocation+CoreDataProperties.swift in Sources */,
				B69E33E92322912F00A4477E /* BusinessTableViewCell.swift in Sources */,
				57E50724237B3C690061CBB6 /* UserDefaultKey.swift in Sources */,
				579C21A52368B9110015D0BE /* GeocoderProtocol.swift in Sources */,
				B69E33FA2322912F00A4477E /* URLSessionWrapper.swift in Sources */,
				5734439B23858798001022AA /* CDBusiness+CoreDataClass.swift in Sources */,
				575AAF2A237A0BB6004FAB58 /* SettingsModel.swift in Sources */,
				B69E33FF2322912F00A4477E /* AppDelegate.swift in Sources */,
				57C3CB88236A30AF007E1B9A /* URL+Extension.swift in Sources */,
				579C21A32368B8FE0015D0BE /* GeocoderWrapper.swift in Sources */,
				B69E33F92322912F00A4477E /* BusinessSearchClient.swift in Sources */,
				B69E33F42322912F00A4477E /* Coordinate.swift in Sources */,
				57B9175E237CBE2C0052D014 /* FavoritesCoordinator.swift in Sources */,
				B6D5D5FF233B06D5004138F5 /* Storyboarded.swift in Sources */,
				5734439923858798001022AA /* CDLocation+CoreDataClass.swift in Sources */,
				579C21A72368B91F0015D0BE /* LocationManagerInterface.swift in Sources */,
				57DCCA692358F36700CEA8DE /* BusinessDetailViewController.swift in Sources */,
			);
			runOnlyForDeploymentPostprocessing = 0;
		};
		B69E344D2322977900A4477E /* Sources */ = {
			isa = PBXSourcesBuildPhase;
			buildActionMask = 2147483647;
			files = (
				B69E34802322F21400A4477E /* MockBusinessSearchClient.swift in Sources */,
				57B91767237CC4340052D014 /* FavoritesCoordinatorSpec.swift in Sources */,
				57C7B1072375ADA3001AF112 /* TabCoordinatorSpec.swift in Sources */,
				B69E347E2322F21400A4477E /* BaseServiceClientSpec.swift in Sources */,
				B69E34812322F21400A4477E /* MockServiceClient.swift in Sources */,
				B69E347D2322F21000A4477E /* TestData.swift in Sources */,
				B69E34852322F21700A4477E /* Array+ExtensionSpec.swift in Sources */,
				B69E34842322F21400A4477E /* BusinessSearchClientSpec.swift in Sources */,
				57E5072D237B40BF0061CBB6 /* UserDefaultKeySpec.swift in Sources */,
				57173C242364C1A500BF7E2C /* MockBusinessesModelDelegate.swift in Sources */,
				B69E34822322F21400A4477E /* MockURLSession.swift in Sources */,
				B69E34772322F21000A4477E /* BusinessSpec.swift in Sources */,
				579C21AB2368C9310015D0BE /* MockGeocoder.swift in Sources */,
				57E75D46237B5CDD009F3256 /* MockDecoder.swift in Sources */,
				575225EF23722DF40023085E /* Int+ExtensionSpec.swift in Sources */,
				579C21AD2368CAA40015D0BE /* MockLocationManager.swift in Sources */,
				57E5072F237B414D0061CBB6 /* MockUserDefaults.swift in Sources */,
				575AAF2D237A332E004FAB58 /* SettingsModelSpec.swift in Sources */,
				B69E347F2322F21400A4477E /* YelpRoutesSpec.swift in Sources */,
				5701EC6F23623827004A4EAA /* BusinessCoordinatorSpec.swift in Sources */,
				B69E346E2322F1F700A4477E /* BusinessesModelSpec.swift in Sources */,
				B69E347C2322F21000A4477E /* CoordinateSpec.swift in Sources */,
				B69E346F2322F1FC00A4477E /* MockMapModelDelegate.swift in Sources */,
				B69E34712322F1FF00A4477E /* BusinessSearchModelSpec.swift in Sources */,
				575AAF2F237A33D5004FAB58 /* MockSettingsModelDelegate.swift in Sources */,
				57E50731237B43DC0061CBB6 /* MockSettingsCoordinator.swift in Sources */,
				57C7B1092375AF2D001AF112 /* MockBusinessCoordinator.swift in Sources */,
				B69E34702322F1FC00A4477E /* MapModelSpec.swift in Sources */,
				57C3CB90236A31D2007E1B9A /* String+ExtensionSpec.swift in Sources */,
				57B91765237CC2F20052D014 /* MockFavoritesCoordinator.swift in Sources */,
				B69E34782322F21000A4477E /* ResponseSpec.swift in Sources */,
				57E50735237B52050061CBB6 /* SettingsCoordinatorSpec.swift in Sources */,
				B69E34722322F1FF00A4477E /* MockBusinessSearchModelDelegate.swift in Sources */,
				57C7B1052375AAF6001AF112 /* MockTabCoordinator.swift in Sources */,
			);
			runOnlyForDeploymentPostprocessing = 0;
		};
/* End PBXSourcesBuildPhase section */

/* Begin PBXTargetDependency section */
		B69E34572322977900A4477E /* PBXTargetDependency */ = {
			isa = PBXTargetDependency;
			target = B69E337A2322909000A4477E /* Find-My-Food */;
			targetProxy = B69E34562322977900A4477E /* PBXContainerItemProxy */;
		};
/* End PBXTargetDependency section */

/* Begin PBXVariantGroup section */
		B69E33BE2322912F00A4477E /* LaunchScreen.storyboard */ = {
			isa = PBXVariantGroup;
			children = (
				B69E33BF2322912F00A4477E /* Base */,
			);
			name = LaunchScreen.storyboard;
			sourceTree = "<group>";
		};
/* End PBXVariantGroup section */

/* Begin XCBuildConfiguration section */
		B69E33962322909100A4477E /* Debug */ = {
			isa = XCBuildConfiguration;
			buildSettings = {
				ALWAYS_SEARCH_USER_PATHS = NO;
				CLANG_ANALYZER_NONNULL = YES;
				CLANG_ANALYZER_NUMBER_OBJECT_CONVERSION = YES_AGGRESSIVE;
				CLANG_CXX_LANGUAGE_STANDARD = "gnu++14";
				CLANG_CXX_LIBRARY = "libc++";
				CLANG_ENABLE_MODULES = YES;
				CLANG_ENABLE_OBJC_ARC = YES;
				CLANG_ENABLE_OBJC_WEAK = YES;
				CLANG_WARN_BLOCK_CAPTURE_AUTORELEASING = YES;
				CLANG_WARN_BOOL_CONVERSION = YES;
				CLANG_WARN_COMMA = YES;
				CLANG_WARN_CONSTANT_CONVERSION = YES;
				CLANG_WARN_DEPRECATED_OBJC_IMPLEMENTATIONS = YES;
				CLANG_WARN_DIRECT_OBJC_ISA_USAGE = YES_ERROR;
				CLANG_WARN_DOCUMENTATION_COMMENTS = YES;
				CLANG_WARN_EMPTY_BODY = YES;
				CLANG_WARN_ENUM_CONVERSION = YES;
				CLANG_WARN_INFINITE_RECURSION = YES;
				CLANG_WARN_INT_CONVERSION = YES;
				CLANG_WARN_NON_LITERAL_NULL_CONVERSION = YES;
				CLANG_WARN_OBJC_IMPLICIT_RETAIN_SELF = YES;
				CLANG_WARN_OBJC_LITERAL_CONVERSION = YES;
				CLANG_WARN_OBJC_ROOT_CLASS = YES_ERROR;
				CLANG_WARN_RANGE_LOOP_ANALYSIS = YES;
				CLANG_WARN_STRICT_PROTOTYPES = YES;
				CLANG_WARN_SUSPICIOUS_MOVE = YES;
				CLANG_WARN_UNGUARDED_AVAILABILITY = YES_AGGRESSIVE;
				CLANG_WARN_UNREACHABLE_CODE = YES;
				CLANG_WARN__DUPLICATE_METHOD_MATCH = YES;
				CODE_SIGN_IDENTITY = "iPhone Developer";
				COPY_PHASE_STRIP = NO;
				DEBUG_INFORMATION_FORMAT = dwarf;
				ENABLE_STRICT_OBJC_MSGSEND = YES;
				ENABLE_TESTABILITY = YES;
				GCC_C_LANGUAGE_STANDARD = gnu11;
				GCC_DYNAMIC_NO_PIC = NO;
				GCC_NO_COMMON_BLOCKS = YES;
				GCC_OPTIMIZATION_LEVEL = 0;
				GCC_PREPROCESSOR_DEFINITIONS = (
					"DEBUG=1",
					"$(inherited)",
				);
				GCC_WARN_64_TO_32_BIT_CONVERSION = YES;
				GCC_WARN_ABOUT_RETURN_TYPE = YES_ERROR;
				GCC_WARN_UNDECLARED_SELECTOR = YES;
				GCC_WARN_UNINITIALIZED_AUTOS = YES_AGGRESSIVE;
				GCC_WARN_UNUSED_FUNCTION = YES;
				GCC_WARN_UNUSED_VARIABLE = YES;
				IPHONEOS_DEPLOYMENT_TARGET = 12.4;
				MTL_ENABLE_DEBUG_INFO = INCLUDE_SOURCE;
				MTL_FAST_MATH = YES;
				ONLY_ACTIVE_ARCH = YES;
				SDKROOT = iphoneos;
				SWIFT_ACTIVE_COMPILATION_CONDITIONS = DEBUG;
				SWIFT_OPTIMIZATION_LEVEL = "-Onone";
			};
			name = Debug;
		};
		B69E33972322909100A4477E /* Release */ = {
			isa = XCBuildConfiguration;
			buildSettings = {
				ALWAYS_SEARCH_USER_PATHS = NO;
				CLANG_ANALYZER_NONNULL = YES;
				CLANG_ANALYZER_NUMBER_OBJECT_CONVERSION = YES_AGGRESSIVE;
				CLANG_CXX_LANGUAGE_STANDARD = "gnu++14";
				CLANG_CXX_LIBRARY = "libc++";
				CLANG_ENABLE_MODULES = YES;
				CLANG_ENABLE_OBJC_ARC = YES;
				CLANG_ENABLE_OBJC_WEAK = YES;
				CLANG_WARN_BLOCK_CAPTURE_AUTORELEASING = YES;
				CLANG_WARN_BOOL_CONVERSION = YES;
				CLANG_WARN_COMMA = YES;
				CLANG_WARN_CONSTANT_CONVERSION = YES;
				CLANG_WARN_DEPRECATED_OBJC_IMPLEMENTATIONS = YES;
				CLANG_WARN_DIRECT_OBJC_ISA_USAGE = YES_ERROR;
				CLANG_WARN_DOCUMENTATION_COMMENTS = YES;
				CLANG_WARN_EMPTY_BODY = YES;
				CLANG_WARN_ENUM_CONVERSION = YES;
				CLANG_WARN_INFINITE_RECURSION = YES;
				CLANG_WARN_INT_CONVERSION = YES;
				CLANG_WARN_NON_LITERAL_NULL_CONVERSION = YES;
				CLANG_WARN_OBJC_IMPLICIT_RETAIN_SELF = YES;
				CLANG_WARN_OBJC_LITERAL_CONVERSION = YES;
				CLANG_WARN_OBJC_ROOT_CLASS = YES_ERROR;
				CLANG_WARN_RANGE_LOOP_ANALYSIS = YES;
				CLANG_WARN_STRICT_PROTOTYPES = YES;
				CLANG_WARN_SUSPICIOUS_MOVE = YES;
				CLANG_WARN_UNGUARDED_AVAILABILITY = YES_AGGRESSIVE;
				CLANG_WARN_UNREACHABLE_CODE = YES;
				CLANG_WARN__DUPLICATE_METHOD_MATCH = YES;
				CODE_SIGN_IDENTITY = "iPhone Developer";
				COPY_PHASE_STRIP = NO;
				DEBUG_INFORMATION_FORMAT = "dwarf-with-dsym";
				ENABLE_NS_ASSERTIONS = NO;
				ENABLE_STRICT_OBJC_MSGSEND = YES;
				GCC_C_LANGUAGE_STANDARD = gnu11;
				GCC_NO_COMMON_BLOCKS = YES;
				GCC_WARN_64_TO_32_BIT_CONVERSION = YES;
				GCC_WARN_ABOUT_RETURN_TYPE = YES_ERROR;
				GCC_WARN_UNDECLARED_SELECTOR = YES;
				GCC_WARN_UNINITIALIZED_AUTOS = YES_AGGRESSIVE;
				GCC_WARN_UNUSED_FUNCTION = YES;
				GCC_WARN_UNUSED_VARIABLE = YES;
				IPHONEOS_DEPLOYMENT_TARGET = 12.4;
				MTL_ENABLE_DEBUG_INFO = NO;
				MTL_FAST_MATH = YES;
				SDKROOT = iphoneos;
				SWIFT_COMPILATION_MODE = wholemodule;
				SWIFT_OPTIMIZATION_LEVEL = "-O";
				VALIDATE_PRODUCT = YES;
			};
			name = Release;
		};
		B69E33992322909100A4477E /* Debug */ = {
			isa = XCBuildConfiguration;
			buildSettings = {
				ASSETCATALOG_COMPILER_APPICON_NAME = AppIcon;
				CODE_SIGN_STYLE = Automatic;
				DEVELOPMENT_TEAM = PKK87S6JNY;
				FRAMEWORK_SEARCH_PATHS = (
					"$(inherited)",
					"$(PROJECT_DIR)/Carthage/Build/iOS",
				);
				INFOPLIST_FILE = "$(SRCROOT)/Find-My-Food/Utilities/Info.plist";
				IPHONEOS_DEPLOYMENT_TARGET = 13.0;
				LD_RUNPATH_SEARCH_PATHS = (
					"$(inherited)",
					"@executable_path/Frameworks",
				);
				PRODUCT_BUNDLE_IDENTIFIER = "com.zachfrew.Find-My-Food";
				PRODUCT_NAME = "$(TARGET_NAME)";
				SWIFT_VERSION = 5.0;
				TARGETED_DEVICE_FAMILY = "1,2";
			};
			name = Debug;
		};
		B69E339A2322909100A4477E /* Release */ = {
			isa = XCBuildConfiguration;
			buildSettings = {
				ASSETCATALOG_COMPILER_APPICON_NAME = AppIcon;
				CODE_SIGN_STYLE = Automatic;
				DEVELOPMENT_TEAM = PKK87S6JNY;
				FRAMEWORK_SEARCH_PATHS = (
					"$(inherited)",
					"$(PROJECT_DIR)/Carthage/Build/iOS",
				);
				INFOPLIST_FILE = "$(SRCROOT)/Find-My-Food/Utilities/Info.plist";
				IPHONEOS_DEPLOYMENT_TARGET = 13.0;
				LD_RUNPATH_SEARCH_PATHS = (
					"$(inherited)",
					"@executable_path/Frameworks",
				);
				PRODUCT_BUNDLE_IDENTIFIER = "com.zachfrew.Find-My-Food";
				PRODUCT_NAME = "$(TARGET_NAME)";
				SWIFT_VERSION = 5.0;
				TARGETED_DEVICE_FAMILY = "1,2";
			};
			name = Release;
		};
		B69E34592322977900A4477E /* Debug */ = {
			isa = XCBuildConfiguration;
			buildSettings = {
				BUNDLE_LOADER = "$(TEST_HOST)";
				CODE_SIGN_STYLE = Automatic;
				DEVELOPMENT_TEAM = PKK87S6JNY;
				FRAMEWORK_SEARCH_PATHS = "$(PROJECT_DIR)/Carthage/Build/iOS";
				INFOPLIST_FILE = "Find-My-Food/Utilities/Info.plist";
				IPHONEOS_DEPLOYMENT_TARGET = 13.0;
				LD_RUNPATH_SEARCH_PATHS = (
					"$(inherited)",
					"@executable_path/Frameworks",
					"@loader_path/Frameworks",
				);
				PRODUCT_BUNDLE_IDENTIFIER = "com.zachfrew.Find-My-FoodTests";
				PRODUCT_NAME = "$(TARGET_NAME)";
				SWIFT_VERSION = 5.0;
				TARGETED_DEVICE_FAMILY = "1,2";
				TEST_HOST = "$(BUILT_PRODUCTS_DIR)/Find-My-Food.app/Find-My-Food";
			};
			name = Debug;
		};
		B69E345A2322977900A4477E /* Release */ = {
			isa = XCBuildConfiguration;
			buildSettings = {
				BUNDLE_LOADER = "$(TEST_HOST)";
				CODE_SIGN_STYLE = Automatic;
				DEVELOPMENT_TEAM = PKK87S6JNY;
				FRAMEWORK_SEARCH_PATHS = "$(PROJECT_DIR)/Carthage/Build/iOS";
				INFOPLIST_FILE = "Find-My-Food/Utilities/Info.plist";
				IPHONEOS_DEPLOYMENT_TARGET = 13.0;
				LD_RUNPATH_SEARCH_PATHS = (
					"$(inherited)",
					"@executable_path/Frameworks",
					"@loader_path/Frameworks",
				);
				PRODUCT_BUNDLE_IDENTIFIER = "com.zachfrew.Find-My-FoodTests";
				PRODUCT_NAME = "$(TARGET_NAME)";
				SWIFT_VERSION = 5.0;
				TARGETED_DEVICE_FAMILY = "1,2";
				TEST_HOST = "$(BUILT_PRODUCTS_DIR)/Find-My-Food.app/Find-My-Food";
			};
			name = Release;
		};
/* End XCBuildConfiguration section */

/* Begin XCConfigurationList section */
		B69E33762322909000A4477E /* Build configuration list for PBXProject "Find-My-Food" */ = {
			isa = XCConfigurationList;
			buildConfigurations = (
				B69E33962322909100A4477E /* Debug */,
				B69E33972322909100A4477E /* Release */,
			);
			defaultConfigurationIsVisible = 0;
			defaultConfigurationName = Release;
		};
		B69E33982322909100A4477E /* Build configuration list for PBXNativeTarget "Find-My-Food" */ = {
			isa = XCConfigurationList;
			buildConfigurations = (
				B69E33992322909100A4477E /* Debug */,
				B69E339A2322909100A4477E /* Release */,
			);
			defaultConfigurationIsVisible = 0;
			defaultConfigurationName = Release;
		};
		B69E34582322977900A4477E /* Build configuration list for PBXNativeTarget "Find-My-FoodTests" */ = {
			isa = XCConfigurationList;
			buildConfigurations = (
				B69E34592322977900A4477E /* Debug */,
				B69E345A2322977900A4477E /* Release */,
			);
			defaultConfigurationIsVisible = 0;
			defaultConfigurationName = Release;
		};
/* End XCConfigurationList section */

/* Begin XCVersionGroup section */
		571ABE9423847EF5004F0003 /* Find-My-Food.xcdatamodeld */ = {
			isa = XCVersionGroup;
			children = (
				571ABE9523847EF5004F0003 /* Find-My-Food.xcdatamodel */,
			);
			currentVersion = 571ABE9523847EF5004F0003 /* Find-My-Food.xcdatamodel */;
			path = "Find-My-Food.xcdatamodeld";
			sourceTree = "<group>";
			versionGroupType = wrapper.xcdatamodel;
		};
/* End XCVersionGroup section */
	};
	rootObject = B69E33732322909000A4477E /* Project object */;
}
